
Microsoft Visual Studio Solution File, Format Version 12.00
# Visual Studio Version 16
VisualStudioVersion = 16.0.30204.135
MinimumVisualStudioVersion = 10.0.40219.1
Project("{FAE04EC0-301F-11D3-BF4B-00C04F79EFBC}") = "InventoryService", "InventoryService\InventoryService.csproj", "{9316BC43-8CE9-4055-BC34-6B4CF77A6FC3}"
EndProject
Global
	GlobalSection(SolutionConfigurationPlatforms) = preSolution
		Debug|Any CPU = Debug|Any CPU
		Release|Any CPU = Release|Any CPU
	EndGlobalSection
	GlobalSection(ProjectConfigurationPlatforms) = postSolution
		{9316BC43-8CE9-4055-BC34-6B4CF77A6FC3}.Debug|Any CPU.ActiveCfg = Debug|Any CPU
		{9316BC43-8CE9-4055-BC34-6B4CF77A6FC3}.Debug|Any CPU.Build.0 = Debug|Any CPU
		{9316BC43-8CE9-4055-BC34-6B4CF77A6FC3}.Release|Any CPU.ActiveCfg = Release|Any CPU
		{9316BC43-8CE9-4055-BC34-6B4CF77A6FC3}.Release|Any CPU.Build.0 = Release|Any CPU
	EndGlobalSection
	GlobalSection(SolutionProperties) = preSolution
		HideSolutionNode = FALSE
	EndGlobalSection
	GlobalSection(ExtensibilityGlobals) = postSolution
		SolutionGuid = {F6062C29-12A9-435F-BFC3-A5124937268D}
	EndGlobalSection
EndGlobal
